
Microsoft Visual Studio Solution File, Format Version 12.00
# Visual Studio Version 17
VisualStudioVersion = 17.8.34330.188
MinimumVisualStudioVersion = 10.0.40219.1
Project("{FAE04EC0-301F-11D3-BF4B-00C04F79EFBC}") = "CPWE", "CPWE\CPWE.csproj", "{75DF0FC2-31B5-4240-A8C4-FBA5BF9A9191}"
EndProject
Global
	GlobalSection(SolutionConfigurationPlatforms) = preSolution
		Debug|Any CPU = Debug|Any CPU
		Release|Any CPU = Release|Any CPU
	EndGlobalSection
	GlobalSection(ProjectConfigurationPlatforms) = postSolution
		{75DF0FC2-31B5-4240-A8C4-FBA5BF9A9191}.Debug|Any CPU.ActiveCfg = Debug|Any CPU
		{75DF0FC2-31B5-4240-A8C4-FBA5BF9A9191}.Debug|Any CPU.Build.0 = Debug|Any CPU
		{75DF0FC2-31B5-4240-A8C4-FBA5BF9A9191}.Release|Any CPU.ActiveCfg = Release|Any CPU
		{75DF0FC2-31B5-4240-A8C4-FBA5BF9A9191}.Release|Any CPU.Build.0 = Release|Any CPU
	EndGlobalSection
	GlobalSection(SolutionProperties) = preSolution
		HideSolutionNode = FALSE
	EndGlobalSection
	GlobalSection(ExtensibilityGlobals) = postSolution
		SolutionGuid = {6DB34541-8598-4B14-AA99-6A53A5340488}
	EndGlobalSection
EndGlobal
